
Microsoft Visual Studio Solution File, Format Version 12.00
# Visual Studio 14
VisualStudioVersion = 14.0.25420.1
MinimumVisualStudioVersion = 10.0.40219.1
Project("{FAE04EC0-301F-11D3-BF4B-00C04F79EFBC}") = "ImageToPdfService", "ImageToPdfService\ImageToPdfService.csproj", "{98E385D0-571A-4FDF-B8B4-6428A51B441C}"
EndProject
Project("{FAE04EC0-301F-11D3-BF4B-00C04F79EFBC}") = "ImageToPdfConverter", "ImageToPdfConverter\ImageToPdfConverter.csproj", "{531B83AD-164E-4A7F-80F8-D3E0D0178861}"
EndProject
Project("{2150E333-8FDC-42A3-9474-1A3956D46DE8}") = "Solution files", "Solution files", "{1DB7BE3A-0A31-4340-808B-398BD2F767AF}"
	ProjectSection(SolutionItems) = preProject
		install.cmd = install.cmd
		uninstall.cmd = uninstall.cmd
	EndProjectSection
EndProject
Global
	GlobalSection(SolutionConfigurationPlatforms) = preSolution
		Debug|Any CPU = Debug|Any CPU
		Release|Any CPU = Release|Any CPU
	EndGlobalSection
	GlobalSection(ProjectConfigurationPlatforms) = postSolution
		{98E385D0-571A-4FDF-B8B4-6428A51B441C}.Debug|Any CPU.ActiveCfg = Debug|Any CPU
		{98E385D0-571A-4FDF-B8B4-6428A51B441C}.Debug|Any CPU.Build.0 = Debug|Any CPU
		{98E385D0-571A-4FDF-B8B4-6428A51B441C}.Release|Any CPU.ActiveCfg = Release|Any CPU
		{98E385D0-571A-4FDF-B8B4-6428A51B441C}.Release|Any CPU.Build.0 = Release|Any CPU
		{531B83AD-164E-4A7F-80F8-D3E0D0178861}.Debug|Any CPU.ActiveCfg = Debug|Any CPU
		{531B83AD-164E-4A7F-80F8-D3E0D0178861}.Debug|Any CPU.Build.0 = Debug|Any CPU
		{531B83AD-164E-4A7F-80F8-D3E0D0178861}.Release|Any CPU.ActiveCfg = Release|Any CPU
		{531B83AD-164E-4A7F-80F8-D3E0D0178861}.Release|Any CPU.Build.0 = Release|Any CPU
	EndGlobalSection
	GlobalSection(SolutionProperties) = preSolution
		HideSolutionNode = FALSE
	EndGlobalSection
EndGlobal
