
Microsoft Visual Studio Solution File, Format Version 12.00
# Visual Studio 14
VisualStudioVersion = 14.0.25420.1
MinimumVisualStudioVersion = 10.0.40219.1
Project("{FAE04EC0-301F-11D3-BF4B-00C04F79EFBC}") = "IanaDomains", "IanaDomains\IanaDomains.csproj", "{ECF7BF6D-2D59-441D-86DF-3135016F646D}"
EndProject
Project("{FAE04EC0-301F-11D3-BF4B-00C04F79EFBC}") = "IanaDomainsTest", "IanaDomainsTest\IanaDomainsTest.csproj", "{EA5AE785-7F12-4B7F-9868-4063D796DD45}"
EndProject
Global
	GlobalSection(SolutionConfigurationPlatforms) = preSolution
		Debug|Any CPU = Debug|Any CPU
		Release|Any CPU = Release|Any CPU
	EndGlobalSection
	GlobalSection(ProjectConfigurationPlatforms) = postSolution
		{ECF7BF6D-2D59-441D-86DF-3135016F646D}.Debug|Any CPU.ActiveCfg = Debug|Any CPU
		{ECF7BF6D-2D59-441D-86DF-3135016F646D}.Debug|Any CPU.Build.0 = Debug|Any CPU
		{ECF7BF6D-2D59-441D-86DF-3135016F646D}.Release|Any CPU.ActiveCfg = Release|Any CPU
		{ECF7BF6D-2D59-441D-86DF-3135016F646D}.Release|Any CPU.Build.0 = Release|Any CPU
		{EA5AE785-7F12-4B7F-9868-4063D796DD45}.Debug|Any CPU.ActiveCfg = Debug|Any CPU
		{EA5AE785-7F12-4B7F-9868-4063D796DD45}.Debug|Any CPU.Build.0 = Debug|Any CPU
		{EA5AE785-7F12-4B7F-9868-4063D796DD45}.Release|Any CPU.ActiveCfg = Release|Any CPU
		{EA5AE785-7F12-4B7F-9868-4063D796DD45}.Release|Any CPU.Build.0 = Release|Any CPU
	EndGlobalSection
	GlobalSection(SolutionProperties) = preSolution
		HideSolutionNode = FALSE
	EndGlobalSection
EndGlobal
